(setq el-get-lock-package-versions
      '((git-gutter-fringe+ :checksum "7a2f49d2455a3a872e90e5f7dd4e6b27f1d96cfc")
        (fringe-helper :checksum "ef4a9c023bae18ec1ddd7265f1f2d6d2e775efdd")
        (git-gutter+ :checksum "b7726997806d9a2da9fe84ff00ecf21d62b6f975")))
(setq el-get-lock-locked-packages 'nil)
(setq el-get-lock-unlocked-packages 'nil)
